
Microsoft Visual Studio Solution File, Format Version 12.00
# Visual Studio 2012
Project("{FAE04EC0-301F-11D3-BF4B-00C04F79EFBC}") = "Update", "Update\Update.csproj", "{97401519-73EC-451C-A758-12B517179883}"
EndProject
Global
	GlobalSection(SolutionConfigurationPlatforms) = preSolution
		Debug|Any CPU = Debug|Any CPU
		Release|Any CPU = Release|Any CPU
	EndGlobalSection
	GlobalSection(ProjectConfigurationPlatforms) = postSolution
		{97401519-73EC-451C-A758-12B517179883}.Debug|Any CPU.ActiveCfg = Debug|Any CPU
		{97401519-73EC-451C-A758-12B517179883}.Debug|Any CPU.Build.0 = Debug|Any CPU
		{97401519-73EC-451C-A758-12B517179883}.Release|Any CPU.ActiveCfg = Release|Any CPU
		{97401519-73EC-451C-A758-12B517179883}.Release|Any CPU.Build.0 = Release|Any CPU
	EndGlobalSection
	GlobalSection(SolutionProperties) = preSolution
		HideSolutionNode = FALSE
	EndGlobalSection
EndGlobal
